
Microsoft Visual Studio Solution File, Format Version 12.00
# Visual Studio Version 17
VisualStudioVersion = 17.6.33723.286
MinimumVisualStudioVersion = 10.0.40219.1
Project("{FAE04EC0-301F-11D3-BF4B-00C04F79EFBC}") = "obilet-Assignment", "obilet-Assignment\obilet-Assignment.csproj", "{7AA6822B-6D55-4ACD-BF54-1FFCD2FC92E5}"
EndProject
Project("{FAE04EC0-301F-11D3-BF4B-00C04F79EFBC}") = "ObiletBusiness", "ObiletBusiness\ObiletBusiness.csproj", "{5F156486-7C28-4D2B-9D89-8446B2B4808D}"
EndProject
Project("{FAE04EC0-301F-11D3-BF4B-00C04F79EFBC}") = "ObiletData", "ObiletData\ObiletData.csproj", "{FB20B4D9-DE2F-4B7D-8C9F-23B8730E3FEC}"
EndProject
Global
	GlobalSection(SolutionConfigurationPlatforms) = preSolution
		Debug|Any CPU = Debug|Any CPU
		Release|Any CPU = Release|Any CPU
	EndGlobalSection
	GlobalSection(ProjectConfigurationPlatforms) = postSolution
		{7AA6822B-6D55-4ACD-BF54-1FFCD2FC92E5}.Debug|Any CPU.ActiveCfg = Debug|Any CPU
		{7AA6822B-6D55-4ACD-BF54-1FFCD2FC92E5}.Debug|Any CPU.Build.0 = Debug|Any CPU
		{7AA6822B-6D55-4ACD-BF54-1FFCD2FC92E5}.Release|Any CPU.ActiveCfg = Release|Any CPU
		{7AA6822B-6D55-4ACD-BF54-1FFCD2FC92E5}.Release|Any CPU.Build.0 = Release|Any CPU
		{5F156486-7C28-4D2B-9D89-8446B2B4808D}.Debug|Any CPU.ActiveCfg = Debug|Any CPU
		{5F156486-7C28-4D2B-9D89-8446B2B4808D}.Debug|Any CPU.Build.0 = Debug|Any CPU
		{5F156486-7C28-4D2B-9D89-8446B2B4808D}.Release|Any CPU.ActiveCfg = Release|Any CPU
		{5F156486-7C28-4D2B-9D89-8446B2B4808D}.Release|Any CPU.Build.0 = Release|Any CPU
		{FB20B4D9-DE2F-4B7D-8C9F-23B8730E3FEC}.Debug|Any CPU.ActiveCfg = Debug|Any CPU
		{FB20B4D9-DE2F-4B7D-8C9F-23B8730E3FEC}.Debug|Any CPU.Build.0 = Debug|Any CPU
		{FB20B4D9-DE2F-4B7D-8C9F-23B8730E3FEC}.Release|Any CPU.ActiveCfg = Release|Any CPU
		{FB20B4D9-DE2F-4B7D-8C9F-23B8730E3FEC}.Release|Any CPU.Build.0 = Release|Any CPU
	EndGlobalSection
	GlobalSection(SolutionProperties) = preSolution
		HideSolutionNode = FALSE
	EndGlobalSection
	GlobalSection(ExtensibilityGlobals) = postSolution
		SolutionGuid = {A88BD2E2-6BFF-4E4D-9C77-CF7DCDFEBCA8}
	EndGlobalSection
EndGlobal
